
Microsoft Visual Studio Solution File, Format Version 12.00
# Visual Studio Version 17
VisualStudioVersion = 17.11.35312.102
MinimumVisualStudioVersion = 10.0.40219.1
Project("{FAE04EC0-301F-11D3-BF4B-00C04F79EFBC}") = "QLHS", "QLHS.csproj", "{57AA6466-D9DC-498D-94DD-81786F544790}"
EndProject
Project("{FAE04EC0-301F-11D3-BF4B-00C04F79EFBC}") = "Common", "..\Validate\Common.csproj", "{BDA01460-49D5-4509-B04D-AF11E71995BA}"
EndProject
Project("{FAE04EC0-301F-11D3-BF4B-00C04F79EFBC}") = "DataProcessing", "..\DataProcessing\DataProcessing.csproj", "{7BAE84E6-F057-451E-B10C-31304C99BE65}"
EndProject
Global
	GlobalSection(SolutionConfigurationPlatforms) = preSolution
		Debug|Any CPU = Debug|Any CPU
		Release|Any CPU = Release|Any CPU
	EndGlobalSection
	GlobalSection(ProjectConfigurationPlatforms) = postSolution
		{57AA6466-D9DC-498D-94DD-81786F544790}.Debug|Any CPU.ActiveCfg = Debug|Any CPU
		{57AA6466-D9DC-498D-94DD-81786F544790}.Debug|Any CPU.Build.0 = Debug|Any CPU
		{57AA6466-D9DC-498D-94DD-81786F544790}.Release|Any CPU.ActiveCfg = Release|Any CPU
		{57AA6466-D9DC-498D-94DD-81786F544790}.Release|Any CPU.Build.0 = Release|Any CPU
		{BDA01460-49D5-4509-B04D-AF11E71995BA}.Debug|Any CPU.ActiveCfg = Debug|Any CPU
		{BDA01460-49D5-4509-B04D-AF11E71995BA}.Debug|Any CPU.Build.0 = Debug|Any CPU
		{BDA01460-49D5-4509-B04D-AF11E71995BA}.Release|Any CPU.ActiveCfg = Release|Any CPU
		{BDA01460-49D5-4509-B04D-AF11E71995BA}.Release|Any CPU.Build.0 = Release|Any CPU
		{7BAE84E6-F057-451E-B10C-31304C99BE65}.Debug|Any CPU.ActiveCfg = Debug|Any CPU
		{7BAE84E6-F057-451E-B10C-31304C99BE65}.Debug|Any CPU.Build.0 = Debug|Any CPU
		{7BAE84E6-F057-451E-B10C-31304C99BE65}.Release|Any CPU.ActiveCfg = Release|Any CPU
		{7BAE84E6-F057-451E-B10C-31304C99BE65}.Release|Any CPU.Build.0 = Release|Any CPU
	EndGlobalSection
	GlobalSection(SolutionProperties) = preSolution
		HideSolutionNode = FALSE
	EndGlobalSection
	GlobalSection(ExtensibilityGlobals) = postSolution
		SolutionGuid = {21FCC06B-CD94-4EE2-BDAB-2E42E62EDA48}
	EndGlobalSection
EndGlobal
